version = 1
revision = 3
requires-python = ">=3.14"

[[package]]
name = "asgiref"
version = "3.12.1"
source = { registry = "https://pypi.org/simple" }
sdist = { url = "https://files.pythonhosted.org/packages/e6/26/3b59f2bdae5f640389becb1f673cded775287f5fc4f816309d9ca9a3f93d/asgiref-3.12.1.tar.gz", hash = "sha256:59dcb51c272ad209d59bed5708a64a333083e86017d7fcdd67498eeab7784340", size = 42378, upload-time = "2026-07-14T09:56:18.087Z" }
wheels = [
    { url = "https://files.pythonhosted.org/packages/c0/1b/54f4ad77cd8a584fa70746c47df988e002cf1ee1eba43364d46f87803647/asgiref-3.12.1-py3-none-any.whl", hash = "sha256:fe386d1c2bff7259ea95929266d12a8cf9a8b5a1c2598402967d8792e7a7c094", size = 25478, upload-time = "2026-07-14T09:56:16.926Z" },
]

[[package]]
name = "certifi"
version = "2026.7.22"
source = { registry = "https://pypi.org/simple" }
sdist = { url = "https://files.pythonhosted.org/packages/a3/c2/24167ea9858356b47a87a50d39908bfdb72ceeefe0041586e704e5376b3a/certifi-2026.7.22.tar.gz", hash = "sha256:741e2c3b351ddf169a738da9f2c048608ff7f2c5cc02f1ebc6b118bb090d5d55", size = 138112, upload-time = "2026-07-22T03:35:12.644Z" }
wheels = [
    { url = "https://files.pythonhosted.org/packages/0b/a7/71ac2cff56fec219ed242bb11b8efb69fcc4bec75db06fb7bfe35de520e6/certifi-2026.7.22-py3-none-any.whl", hash = "sha256:62f22742b58a1a33014a2b6b706588a8d7e2a88ae7bd1a6ebe8c992928483775", size = 136983, upload-time = "2026-07-22T03:35:11.276Z" },
]

[[package]]
name = "click"
version = "8.5.0"
source = { registry = "https://pypi.org/simple" }
sdist = { url = "https://files.pythonhosted.org/packages/c7/0e/7fa0ef50764b67090eca4114772a2abf8b6148198475e54c660b97caeee6/click-8.5.0.tar.gz", hash = "sha256:ba0d2089de75ea0310e2dde03160e6ca10009947fb95a182f9b54021bb272e34", size = 382235, upload-time = "2026-08-26T13:33:14.56Z" }
wheels = [
    { url = "https://files.pythonhosted.org/packages/58/50/6c0d534c5f134586a8e1ba4e330569e32f057e33372ae556463212fb4cd3/click-8.5.0-py3-none-any.whl", hash = "sha256:255bc9599cf7748b4b1a446ccc735421bd08a2ae529a8b88597d3de5664ee360", size = 125251, upload-time = "2026-08-26T13:33:12.928Z" },
]

[[package]]
name = "click-default-group"
version = "1.2.4"
source = { registry = "https://pypi.org/simple" }
dependencies = [
    { name = "click" },
]
sdist = { url = "https://files.pythonhosted.org/packages/1d/ce/edb087fb53de63dad3b36408ca30368f438738098e668b78c87f93cd41df/click_default_group-1.2.4.tar.gz", hash = "sha256:eb3f3c99ec0d456ca6cd2a7f08f7d4e91771bef51b01bdd9580cc6450fe1251e", size = 3505, upload-time = "2023-08-04T07:54:58.425Z" }
wheels = [
    { url = "https://files.pythonhosted.org/packages/2c/1a/aff8bb287a4b1400f69e09a53bd65de96aa5cee5691925b38731c67fc695/click_default_group-1.2.4-py2.py3-none-any.whl", hash = "sha256:9b60486923720e7fc61731bdb32b617039aba820e22e1c88766b1125592eaa5f", size = 4123, upload-time = "2023-08-04T07:54:56.875Z" },
]

[[package]]
name = "css"
version = "0.1"
source = { registry = "https://pypi.org/simple" }
sdist = { url = "https://files.pythonhosted.org/packages/b0/51/7e471f38490101490bbca351621ffddb24cb3c3161fbc286aa757c7f4f0b/css-0.1.tar.gz", hash = "sha256:44b15465f6a8e736077727ecbe978ff9578517eecac42e4cca31e530fad8eab1", size = 1789, upload-time = "2010-07-15T20:50:54.711Z" }

[[package]]
name = "dj-database-url"
version = "3.1.2"
source = { registry = "https://pypi.org/simple" }
dependencies = [
    { name = "django" },
]
sdist = { url = "https://files.pythonhosted.org/packages/03/f6/00b625e9d371b980aa261011d0dc906a16444cb688f94215e0dc86996eb5/dj_database_url-3.1.2.tar.gz", hash = "sha256:63c20e4bbaa51690dfd4c8d189521f6bf6bc9da9fcdb23d95d2ee8ee87f9ec62", size = 11490, upload-time = "2026-02-19T15:30:23.638Z" }
wheels = [
    { url = "https://files.pythonhosted.org/packages/cf/a9/57c66006373381f1d3e5bd94216f1d371228a89f443d3030e010f73dd198/dj_database_url-3.1.2-py3-none-any.whl", hash = "sha256:544e015fee3efa5127a1eb1cca465f4ace578265b3671fe61d0ed7dbafb5ec8a", size = 8953, upload-time = "2026-02-19T15:30:39.37Z" },
]

[[package]]
name = "django"
version = "6.1.1"
source = { registry = "https://pypi.org/simple" }
dependencies = [
    { name = "asgiref" },
    { name = "sqlparse" },
    { name = "tzdata", marker = "sys_platform == 'win32'" },
]
sdist = { url = "https://files.pythonhosted.org/packages/f8/d4/8314b5bdef20832f0ac6ae3b3e4d4924e4759fa3b4af27609dd747e7a6be/django-6.1.1.tar.gz", hash = "sha256:7ab93536d8e677aa14554c56426290c69480bf2ee68d7513d4a22f57d6bfeb84", size = 11284905, upload-time = "2026-09-02T17:20:45.621Z" }
wheels = [
    { url = "https://files.pythonhosted.org/packages/8d/ca/c1040a4fd15754ede7df15fd72fc2e123045b473b253ab5f5284e11c651e/django-6.1.1-py3-none-any.whl", hash = "sha256:585fb82bf15053c42cf52e67c2f1b54a032dca384759315fd6678ab1870d1d72", size = 8419512, upload-time = "2026-09-02T17:20:39.153Z" },
]

[[package]]
name = "django-click"
version = "2.5.0"
source = { registry = "https://pypi.org/simple" }
dependencies = [
    { name = "click" },
]
sdist = { url = "https://files.pythonhosted.org/packages/fc/e9/80f860c3f2bb9bdcc58de6b9578bbc6b4a57bedefdc97211e736fb960380/django_click-2.5.0.tar.gz", hash = "sha256:60d346a04d0db991d0bb31754c0dcad282643aa26a4701ca5ff5df742a7473f8", size = 7251, upload-time = "2026-01-10T13:19:37.958Z" }
wheels = [
    { url = "https://files.pythonhosted.org/packages/27/43/a8eedd594b0f1d5e736ad5afd48ff4431566d2760b79115af40d8b4e950a/django_click-2.5.0-py3-none-any.whl", hash = "sha256:6bcb71d0bac47f67b91d9ee1972d881d72b5bf20cd2a45a57265cdfac49b88aa", size = 7887, upload-time = "2026-01-10T13:19:37.13Z" },
]

[[package]]
name = "django-filter"
version = "26.1"
source = { registry = "https://pypi.org/simple" }
dependencies = [
    { name = "django" },
]
sdist = { url = "https://files.pythonhosted.org/packages/cb/3e/563965173d4cbb5fc308087e7b3d11a115b7b67273d093622480b1e31f78/django_filter-26.1.tar.gz", hash = "sha256:66ea04031b068c77c86e1ac26ced7a3f8f13ce797f5795751707e3deefc58054", size = 144299, upload-time = "2026-07-11T09:27:02.767Z" }
wheels = [
    { url = "https://files.pythonhosted.org/packages/1f/01/afffed1e3c4540fb75bf550a18b6176a9f6371b5f3e52b69a28995b6480c/django_filter-26.1-py3-none-any.whl", hash = "sha256:7d98ef2899218e6242619b532cb1b95af14e09dfcf74844aecb550ad27b59ff2", size = 94069, upload-time = "2026-07-11T09:27:01.012Z" },
]

[[package]]
name = "django-tailwind-cli"
version = "4.8.0"
source = { registry = "https://pypi.org/simple" }
dependencies = [
    { name = "click" },
    { name = "django" },
    { name = "django-click" },
    { name = "semver" },
]
sdist = { url = "https://files.pythonhosted.org/packages/f1/14/5e161990f173ec8f4ec906d2f6055cb20376e5d4ee2b84cb18393b3b976f/django_tailwind_cli-4.8.0.tar.gz", hash = "sha256:d97b465272a67db96a86532a20658b72f3c31e64b7f788f77ec2ab059c3deb64", size = 165998, upload-time = "2026-08-30T11:12:41.467Z" }
wheels = [
    { url = "https://files.pythonhosted.org/packages/07/fd/454bad110a4276e709dfeeff14b00af653d6eb426aba21444f480e954dda/django_tailwind_cli-4.8.0-py3-none-any.whl", hash = "sha256:04adb4cecd1c2165e517e05f756e055bf1004159f52f00808a459a2e7cf580fa", size = 54108, upload-time = "2026-08-30T11:12:40.029Z" },
]

[[package]]
name = "gunicorn"
version = "26.2.0"
source = { registry = "https://pypi.org/simple" }
sdist = { url = "https://files.pythonhosted.org/packages/d9/8a/e4ef6ee11701b6cd64702848415ffb69eeff85cb388a3c6c7fe86f22f3f8/gunicorn-26.2.0.tar.gz", hash = "sha256:62b864895d9ebff0b2f9867ba04fe811c93121596540830c9c916d0769668447", size = 787921, upload-time = "2026-08-24T15:05:59.3Z" }
wheels = [
    { url = "https://files.pythonhosted.org/packages/fe/85/7522a52e5e2f42faf1a129113ab63e548c42e103e9af395b7bfe65e403e2/gunicorn-26.2.0-py3-none-any.whl", hash = "sha256:bd249d0b3f7972f7432f0a6b6ff3b3ee2d129f70cd1ff6c09a9dd9e29a2b88e3", size = 228389, upload-time = "2026-08-24T15:05:57.67Z" },
]

[[package]]
name = "hexlet-code"
version = "0.1.0"
source = { editable = "." }
dependencies = [
    { name = "css" },
    { name = "dj-database-url" },
    { name = "django" },
    { name = "django-filter" },
    { name = "django-tailwind-cli" },
    { name = "gunicorn" },
    { name = "psycopg2-binary" },
    { name = "python-dotenv" },
    { name = "sentry-sdk" },
    { name = "tailwind" },
    { name = "whitenoise" },
]

[package.dev-dependencies]
dev = [
    { name = "ruff" },
    { name = "sqlite-utils" },
]

[package.metadata]
requires-dist = [
    { name = "css", specifier = ">=0.1" },
    { name = "dj-database-url", specifier = ">=3.1.2" },
    { name = "django", specifier = ">=6.1.1" },
    { name = "django-filter", specifier = ">=26.1" },
    { name = "django-tailwind-cli", specifier = ">=4.8.0" },
    { name = "gunicorn", specifier = ">=26.2.0" },
    { name = "psycopg2-binary", specifier = ">=2.9.13" },
    { name = "python-dotenv", specifier = ">=1.2.3" },
    { name = "sentry-sdk", specifier = ">=2.69.1" },
    { name = "tailwind", specifier = ">=3.1.5b0" },
    { name = "whitenoise", specifier = ">=6.12.0" },
]

[package.metadata.requires-dev]
dev = [
    { name = "ruff", specifier = ">=0.16.7" },
    { name = "sqlite-utils", specifier = ">=4.2.1" },
]

[[package]]
name = "pip"
version = "26.2.1"
source = { registry = "https://pypi.org/simple" }
sdist = { url = "https://files.pythonhosted.org/packages/ae/15/4500e320e6b101ec3b719ae85b697d9940b6cda672bc555bd6016fc60c6f/pip-26.2.1.tar.gz", hash = "sha256:f6ad667e89a1fe78046c8f13232b247200f5258d7828f3f7883d660878e0813f", size = 1848877, upload-time = "2026-08-04T22:51:14.148Z" }
wheels = [
    { url = "https://files.pythonhosted.org/packages/f3/6e/1736e5b4ae2b778ef2f81c47d797de9f891d4d8acb047a24ca37a60294dd/pip-26.2.1-py3-none-any.whl", hash = "sha256:71138adf1f4ca900cdb7d289c21b7494329f2332b6d85f0e1c42108c0384ed3e", size = 1816632, upload-time = "2026-08-04T22:51:12.472Z" },
]

[[package]]
name = "pluggy"
version = "1.6.0"
source = { registry = "https://pypi.org/simple" }
sdist = { url = "https://files.pythonhosted.org/packages/f9/e2/3e91f31a7d2b083fe6ef3fa267035b518369d9511ffab804f839851d2779/pluggy-1.6.0.tar.gz", hash = "sha256:7dcc130b76258d33b90f61b658791dede3486c3e6bfb003ee5c9bfb396dd22f3", size = 69412, upload-time = "2025-05-15T12:30:07.975Z" }
wheels = [
    { url = "https://files.pythonhosted.org/packages/54/20/4d324d65cc6d9205fabedc306948156824eb9f0ee1633355a8f7ec5c66bf/pluggy-1.6.0-py3-none-any.whl", hash = "sha256:e920276dd6813095e9377c0bc5566d94c932c33b27a3e3945d8389c374dd4746", size = 20538, upload-time = "2025-05-15T12:30:06.134Z" },
]

[[package]]
name = "psycopg2-binary"
version = "2.9.13"
source = { registry = "https://pypi.org/simple" }
sdist = { url = "https://files.pythonhosted.org/packages/ed/76/7b4383014be0fcc6c1c0e24292845a14e1672cf17fca62ca0a2bd5f4563d/psycopg2_binary-2.9.13.tar.gz", hash = "sha256:e324ecf60f952d21dd11413b8bbed0951bbd99579a06fd06f28bfc37737cd373", size = 378112, upload-time = "2026-09-10T00:06:12.199Z" }
wheels = [
    { url = "https://files.pythonhosted.org/packages/5f/32/897c074cb99fbdda7d34b0a2546097a59162bb3d04c0d546ae4ec82345e3/psycopg2_binary-2.9.13-cp314-cp314-macosx_10_15_x86_64.whl", hash = "sha256:2ca263643ae37998ae04d18e431df34d0d61f12b47640dab585f14b6dbe00798", size = 3725788, upload-time = "2026-09-09T23:55:39.04Z" },
    { url = "https://files.pythonhosted.org/packages/0f/f4/e3a789de34c9ac25d20b25c2be583da16394a2ba0926da1c863653831f41/psycopg2_binary-2.9.13-cp314-cp314-macosx_11_0_arm64.whl", hash = "sha256:4c0214c7da18a28d108aa7108c8a3cca8035c7911ec97ef9ec0827569c9a2720", size = 3818111, upload-time = "2026-09-09T23:55:40.979Z" },
    { url = "https://files.pythonhosted.org/packages/72/29/647724c43ac510dbc59b80e20e85d439deb94f5d5a024153c32330fa041d/psycopg2_binary-2.9.13-cp314-cp314-manylinux2014_ppc64le.manylinux_2_17_ppc64le.whl", hash = "sha256:5d89e064bb12b40cad696cf4975e6da86f8c60f14cd06cb6c1bc0a7f5d01761f", size = 4586235, upload-time = "2026-09-09T23:55:43.012Z" },
    { url = "https://files.pythonhosted.org/packages/91/ad/7f52f92cc65c23778daff7eec4ee2099236694a0a4723a5f180d0708b607/psycopg2_binary-2.9.13-cp314-cp314-manylinux2014_x86_64.manylinux_2_17_x86_64.whl", hash = "sha256:190c18b97d9ef72f2e88c451b6588af90d6bd7bf54cb94b963280dc86a2c7076", size = 4282424, upload-time = "2026-09-09T23:55:44.843Z" },
    { url = "https://files.pythonhosted.org/packages/3d/2a/1a472059b198942d99651656e2bc610575584478bfe68d297ecabbd4887f/psycopg2_binary-2.9.13-cp314-cp314-manylinux_2_27_aarch64.manylinux_2_28_aarch64.whl", hash = "sha256:c00ebe9a2f31151aade0db233dc1446513a95e92c39ce055ee097af0ae86be1c", size = 5902365, upload-time = "2026-09-09T23:55:46.619Z" },
    { url = "https://files.pythonhosted.org/packages/91/1a/171ea5dac7b3a0fa57b3cb59c2ad6d7b8bc60732368fecfd2ed1f1288392/psycopg2_binary-2.9.13-cp314-cp314-manylinux_2_38_riscv64.manylinux_2_39_riscv64.whl", hash = "sha256:5085f7ff7b1e890f279577cedeb8c628957869a340fa34a39f7f406500b3c916", size = 4119938, upload-time = "2026-09-09T23:55:49.381Z" },
    { url = "https://files.pythonhosted.org/packages/41/ce/3c6d4ad71853a59eee6a575fe36df4bb40752a9735a27bd62af66b454ed5/psycopg2_binary-2.9.13-cp314-cp314-musllinux_1_2_aarch64.whl", hash = "sha256:4e55357d1943673d491bbabb171c891704fc6a22441fea539e05a5c27a79ea3c", size = 3661557, upload-time = "2026-09-09T23:55:51.269Z" },
    { url = "https://files.pythonhosted.org/packages/10/a3/1819a01bf951eab2afb5ca2a3d11f50500bf536fecff088154372a8d1985/psycopg2_binary-2.9.13-cp314-cp314-musllinux_1_2_ppc64le.whl", hash = "sha256:3e60b06ec7f9dc3e5f1106d12706514b6d6b92c3dc438fcdf4e43e65cc660d1b", size = 3307770, upload-time = "2026-09-09T23:55:53.196Z" },
    { url = "https://files.pythonhosted.org/packages/4e/df/22f4aec952cd5b2dd02f438399583ed69f7d04b90e7c31659d9571bbe188/psycopg2_binary-2.9.13-cp314-cp314-musllinux_1_2_riscv64.whl", hash = "sha256:dde942b46ce20f6c4464cdf551f3293207f803f4e4354454eb1f5599c3eb1fa1", size = 3052935, upload-time = "2026-09-09T23:55:55.117Z" },
    { url = "https://files.pythonhosted.org/packages/95/42/aab651bc22bafa961806ca3b21027bb0739a2730b0e6f7f0778baeb95e67/psycopg2_binary-2.9.13-cp314-cp314-musllinux_1_2_x86_64.whl", hash = "sha256:215777c62ce81c3b487cefdb6a41969944eb982309f91349ff3ca0323d6f17ed", size = 3355387, upload-time = "2026-09-09T23:55:57.366Z" },
    { url = "https://files.pythonhosted.org/packages/bc/af/3b8220633eaf955e95ea7be67d76e81a0d1cd3c76362ea504b91ffa079db/psycopg2_binary-2.9.13-cp314-cp314-win_amd64.whl", hash = "sha256:f3088eb80f58ed933c62d87128741d31e786edc862e23266d3c286763d646de0", size = 2863890, upload-time = "2026-09-09T23:55:59.056Z" },
    { url = "https://files.pythonhosted.org/packages/6e/f1/377d17fc8425220d17552691cd2b97aa232da92173f5dead71278b83f8ab/psycopg2_binary-2.9.13-cp315-cp315-macosx_10_15_x86_64.whl", hash = "sha256:38397def2d794ffde9db80f63d6820253e61b17483112652a318355f51a56f50", size = 3725913, upload-time = "2026-09-09T23:56:00.736Z" },
    { url = "https://files.pythonhosted.org/packages/67/64/27208e67cd6e663f69bf7bf905cf69db066a015c90ac9ca948a56a8e9d78/psycopg2_binary-2.9.13-cp315-cp315-macosx_11_0_arm64.whl", hash = "sha256:dff5c70ed9789ccb0d97ff4a7da51dc523a255c4ec95df188fa5d44adcae4ea8", size = 3818303, upload-time = "2026-09-09T23:56:02.551Z" },
    { url = "https://files.pythonhosted.org/packages/6b/98/67d2f34a1d18367b5f655bdd101759f8474286c74ffe701b7d6e3abd7fda/psycopg2_binary-2.9.13-cp315-cp315-manylinux2014_ppc64le.manylinux_2_17_ppc64le.whl", hash = "sha256:08d3b81a6a91775c937abf97d4c58fc9142e8e35fb91c387d24f81d15c98e6cf", size = 4586508, upload-time = "2026-09-09T23:56:04.706Z" },
    { url = "https://files.pythonhosted.org/packages/bb/47/46c227deaf322dceafa0b7b321b4e5de9cc797014b7a353349b2e09b1118/psycopg2_binary-2.9.13-cp315-cp315-manylinux2014_x86_64.manylinux_2_17_x86_64.whl", hash = "sha256:541a487a9ccd72b5e38f37f27b0ce78cb7eb3e336e7b5277d45463010c03a7a8", size = 4282383, upload-time = "2026-09-09T23:56:06.678Z" },
    { url = "https://files.pythonhosted.org/packages/f4/3c/e8705ffa381160d842eaf06a8446e8416f1a2497dd70a7e62277f3be6e7a/psycopg2_binary-2.9.13-cp315-cp315-manylinux_2_27_aarch64.manylinux_2_28_aarch64.whl", hash = "sha256:562fe2a43b30e781848dce63d9080c15414c777c96df348c4342558338cc7bf3", size = 5902765, upload-time = "2026-09-09T23:56:08.634Z" },
    { url = "https://files.pythonhosted.org/packages/53/cc/359821c18317228b8032456a3740c98045b719ed003a594b9ebac9330b86/psycopg2_binary-2.9.13-cp315-cp315-manylinux_2_38_riscv64.manylinux_2_39_riscv64.whl", hash = "sha256:dddfe650e7dda464d676c27fbedb5061f1ad05e1604627f54c770d7f799d36e9", size = 4122849, upload-time = "2026-09-09T23:56:10.671Z" },
    { url = "https://files.pythonhosted.org/packages/17/e5/4d935acb6d3258c7a767b3d527e54c0b537649101b55002a5dbcfe747e2a/psycopg2_binary-2.9.13-cp315-cp315-musllinux_1_2_aarch64.whl", hash = "sha256:4ff0f575cbb14f30445858dcfdd751e043486f5290915df78a9818bc74042eff", size = 3662084, upload-time = "2026-09-09T23:56:12.316Z" },
    { url = "https://files.pythonhosted.org/packages/89/56/9e9bbc7c773c5de7bb25dd35d7f041c2a6f0fcfa9207a1ceaf01a1bc687c/psycopg2_binary-2.9.13-cp315-cp315-musllinux_1_2_ppc64le.whl", hash = "sha256:d79530b4c1af657d5620a1d21b8e39f2996aa06821d5564d05b22d6b8cd413d0", size = 3308077, upload-time = "2026-09-09T23:56:15.262Z" },
    { url = "https://files.pythonhosted.org/packages/36/fa/ed742cd4e5dbddcb44702f9c4a97f7f5b62d97e3d9d00907ecc8ac750ef4/psycopg2_binary-2.9.13-cp315-cp315-musllinux_1_2_riscv64.whl", hash = "sha256:6ede8595767e19d30a7e8a84a7d47bfde6176d45d194fed08dbb68d1584a780b", size = 3055143, upload-time = "2026-09-09T23:56:17.168Z" },
    { url = "https://files.pythonhosted.org/packages/d5/3a/5c2cb71a844ee236be2ce91b286d797e34a21489909357c7cfba0f5c0197/psycopg2_binary-2.9.13-cp315-cp315-musllinux_1_2_x86_64.whl", hash = "sha256:0ebcf3c4266a695df9d0ef51296155f60c86ac51cf82f0d0dd2e827255a891c5", size = 3355374, upload-time = "2026-09-09T23:56:18.793Z" },
    { url = "https://files.pythonhosted.org/packages/e8/30/3991c9fdcca90a5a1e55435292f4d74d176da2be15f3998f6858da3658cc/psycopg2_binary-2.9.13-cp315-cp315-win_amd64.whl", hash = "sha256:1752b9821f1377404d65ac43af03d59a1eccc57fb2c1eb8305f9a3fe8eb7a8ba", size = 2867246, upload-time = "2026-09-09T23:56:20.501Z" },
]

[[package]]
name = "python-dateutil"
version = "2.9.0.post0"
source = { registry = "https://pypi.org/simple" }
dependencies = [
    { name = "six" },
]
sdist = { url = "https://files.pythonhosted.org/packages/66/c0/0c8b6ad9f17a802ee498c46e004a0eb49bc148f2fd230864601a86dcf6db/python-dateutil-2.9.0.post0.tar.gz", hash = "sha256:37dd54208da7e1cd875388217d5e00ebd4179249f90fb72437e91a35459a0ad3", size = 342432, upload-time = "2024-03-01T18:36:20.211Z" }
wheels = [
    { url = "https://files.pythonhosted.org/packages/ec/57/56b9bcc3c9c6a792fcbaf139543cee77261f3651ca9da0c93f5c1221264b/python_dateutil-2.9.0.post0-py2.py3-none-any.whl", hash = "sha256:a8b2bc7bffae282281c8140a97d3aa9c14da0b136dfe83f850eea9a5f7470427", size = 229892, upload-time = "2024-03-01T18:36:18.57Z" },
]

[[package]]
name = "python-dotenv"
version = "1.2.3"
source = { registry = "https://pypi.org/simple" }
sdist = { url = "https://files.pythonhosted.org/packages/6a/53/ed9d74092561d4b01a2ef1349d52cdbc135e526c245f366b089cfca6de49/python_dotenv-1.2.3.tar.gz", hash = "sha256:a20a594dabeaa385725aa239d5244871c143ecb356add8a20fcf23773a6c3a35", size = 58945, upload-time = "2026-08-16T16:54:54.067Z" }
wheels = [
    { url = "https://files.pythonhosted.org/packages/0d/17/c5c6b53ddc18f297992099b3d9ec16c855c0ccc83263a21fe4d1c625ec6c/python_dotenv-1.2.3-py3-none-any.whl", hash = "sha256:904552145e8bfed22162c09dab1c2b9b54fefa7b23ba780f4f26ca0316b0f0d9", size = 22780, upload-time = "2026-08-16T16:54:52.473Z" },
]

[[package]]
name = "ruff"
version = "0.16.7"
source = { registry = "https://pypi.org/simple" }
sdist = { url = "https://files.pythonhosted.org/packages/82/bb/5a449b9162e49b139d72f61672bd3ac1d790221f796d3304e2241fff4c58/ruff-0.16.7.tar.gz", hash = "sha256:5f71d004ac1263b22fa39462ac5ae618a4b77d58981af2cc79bf79a29c12b1a6", size = 4924184, upload-time = "2026-09-10T18:04:06.336Z" }
wheels = [
    { url = "https://files.pythonhosted.org/packages/e3/b2/c80aeeb7f9e469c0d63a85d2f1ab6e1ebfbe10ea7a8d2438b7e09e3ff09e/ruff-0.16.7-py3-none-linux_armv6l.whl", hash = "sha256:727307773e7c7f9181d3ed3a2484186e56c1fa1874255911c74585eb2c7c19f9", size = 10048917, upload-time = "2026-09-10T18:03:30.28Z" },
    { url = "https://files.pythonhosted.org/packages/7b/96/20bb7bcae008004df52afcb7ac83432d4a467f2c17b672fe46d26be231c5/ruff-0.16.7-py3-none-macosx_10_12_x86_64.whl", hash = "sha256:9d61c258deabf58f34c67bd4bb4d939c7f2e6b5f0e59c1cdd1cf771b11cde929", size = 10242929, upload-time = "2026-09-10T18:03:32.706Z" },
    { url = "https://files.pythonhosted.org/packages/90/b2/f184b0d5abec02db69cfd7e49b688ae0237554528ca777136c613bf36bee/ruff-0.16.7-py3-none-macosx_11_0_arm64.whl", hash = "sha256:7ab81118df8945e0193d0240712aa4496573595b75185c3636ed825592a0f728", size = 9847245, upload-time = "2026-09-10T18:03:34.509Z" },
    { url = "https://files.pythonhosted.org/packages/eb/2d/db1633a641866ed801e34cc6b60ef236c5e16f9b2124ab1d49cc24a5fe4f/ruff-0.16.7-py3-none-manylinux_2_17_aarch64.manylinux2014_aarch64.whl", hash = "sha256:4c196c968874fc8019da8e7163de7a1a370f111e2309b4b7dfea0fce950198d0", size = 9961780, upload-time = "2026-09-10T18:03:36.618Z" },
    { url = "https://files.pythonhosted.org/packages/4d/98/edea21e1a3e38dbbc3bf6bb068b863b3b06184cf8533a4c7dbbe208a89d5/ruff-0.16.7-py3-none-manylinux_2_17_armv7l.manylinux2014_armv7l.whl", hash = "sha256:ac8c3bd0a7e10ad31e6ce51e7a99f3cb772e69aecdd6b9ea7e99b362f62a62c0", size = 9866337, upload-time = "2026-09-10T18:03:38.805Z" },
    { url = "https://files.pythonhosted.org/packages/0b/11/a15e60d4c87b214646f116ca9d204475bf993ee1047459bc9a360fd4d6d1/ruff-0.16.7-py3-none-manylinux_2_17_i686.manylinux2014_i686.whl", hash = "sha256:398d3988edde000b5c75dc1b3f584708da9bc990de069c18909142580fec1af9", size = 10562512, upload-time = "2026-09-10T18:03:40.71Z" },
    { url = "https://files.pythonhosted.org/packages/29/42/eaff4c9b6d0c7cdf56df313a17e89ae854f5bbc0b0c8f9cce19be0ab7a8f/ruff-0.16.7-py3-none-manylinux_2_17_ppc64le.manylinux2014_ppc64le.whl", hash = "sha256:ce05b62b770a8217c4646a9c4139fca00efe8fe5d71f87df2b243ff20d4584d1", size = 11302938, upload-time = "2026-09-10T18:03:42.607Z" },
    { url = "https://files.pythonhosted.org/packages/5d/43/c75aa59a4ec181fe2ec06cab30e198c1c6d107229a9f008ae3a7c16cabd8/ruff-0.16.7-py3-none-manylinux_2_17_s390x.manylinux2014_s390x.whl", hash = "sha256:af1b576fddb9d9ef2ececfb5fadcd6a624b25070ed85e3cfcfe449fc3ff6a7b9", size = 10840857, upload-time = "2026-09-10T18:03:44.604Z" },
    { url = "https://files.pythonhosted.org/packages/21/33/81f3da371942ea031105ba679d8d6e28ec1660ccd690a45f42d381161356/ruff-0.16.7-py3-none-manylinux_2_17_x86_64.manylinux2014_x86_64.whl", hash = "sha256:9ce7f8f22df67c93ed96c717f9128eadb797144ac2bad475cf536f31d6100c55", size = 10370001, upload-time = "2026-09-10T18:03:46.706Z" },
    { url = "https://files.pythonhosted.org/packages/fa/0b/6345fb4dbf6dd0ed1cfe5d18391dc9c3f59cc81622a7b0a65b84b3e730ba/ruff-0.16.7-py3-none-manylinux_2_31_riscv64.whl", hash = "sha256:06d0e93d04f392996435ebd600c153f65b47d73fbec2415aa99c5ee5756b3a5f", size = 10548735, upload-time = "2026-09-10T18:03:48.658Z" },
    { url = "https://files.pythonhosted.org/packages/3f/4d/c5576adf511f92a328e5569dda190ecdd430da51f1a649f3a4a2fd73e21e/ruff-0.16.7-py3-none-musllinux_1_2_aarch64.whl", hash = "sha256:142151a5e7b93c1b11111337142f89dd2fbfee92161225c99a97222f22e32656", size = 10108496, upload-time = "2026-09-10T18:03:50.563Z" },
    { url = "https://files.pythonhosted.org/packages/ff/8c/667d83c16199a17a56adc6b0bd4c3beb5b767a2babcd16a56f76f9be7fd6/ruff-0.16.7-py3-none-musllinux_1_2_armv7l.whl", hash = "sha256:e6651f97a342d8b35d54d8991544ca22169b86dc54111cb604666940c431b750", size = 9860136, upload-time = "2026-09-10T18:03:52.621Z" },
    { url = "https://files.pythonhosted.org/packages/99/75/78d401106731999a1dd20cc5a6961e37e1eb9397a3b589f73f3a5ce146a3/ruff-0.16.7-py3-none-musllinux_1_2_i686.whl", hash = "sha256:ef140c6eb935fa9a84c9c607dfb2cb1b85843c192e79265b0c54f35f557ea8e5", size = 10286290, upload-time = "2026-09-10T18:03:55.207Z" },
    { url = "https://files.pythonhosted.org/packages/68/49/56f9c3a8b755df93a0ad318b2147bf4ef5dae9a7e5ec61c460109c67957f/ruff-0.16.7-py3-none-musllinux_1_2_x86_64.whl", hash = "sha256:53e39506a730fadeee0d998ed5946f30671f0db240c6c7c73bdabbe33604bb6f", size = 10745048, upload-time = "2026-09-10T18:03:57.299Z" },
    { url = "https://files.pythonhosted.org/packages/5f/ea/7f9b938a63ece4bec677ad7f9f7fa02df3383db1949ed93a382441c09a87/ruff-0.16.7-py3-none-win32.whl", hash = "sha256:2ea3470fcebcbc5df2fb0c6f3b90333fa9084c534e0111c038fa4a6ab9f1c4b7", size = 10059082, upload-time = "2026-09-10T18:03:59.632Z" },
    { url = "https://files.pythonhosted.org/packages/39/11/480a6973a927aa653e1cead6a6416008640e03a99d05b34c0434b8c6c366/ruff-0.16.7-py3-none-win_amd64.whl", hash = "sha256:7ac26aca826e9e21d0f1cb25b54ac660760a9fdd094d3e4df9848232be98cfc6", size = 10593368, upload-time = "2026-09-10T18:04:01.999Z" },
    { url = "https://files.pythonhosted.org/packages/8b/4b/51327018d056f0dad2c2238f26d1fb0f53707a9d91b75dea6d1b3039f136/ruff-0.16.7-py3-none-win_arm64.whl", hash = "sha256:aab7f39e2c9df6c596216070f98eef1207b94f8516cca20c808826974971855b", size = 10412401, upload-time = "2026-09-10T18:04:04.098Z" },
]

[[package]]
name = "semver"
version = "3.1.0"
source = { registry = "https://pypi.org/simple" }
sdist = { url = "https://files.pythonhosted.org/packages/92/f5/e1dfe8e1d91c54ce212fd93916eb01fd1c590f413be0a0978c39a97aa1bb/semver-3.1.0.tar.gz", hash = "sha256:14bc073439513d7773662a338f4db9829cf16c12b74b9568e2d2689975fbd7fc", size = 304162, upload-time = "2026-09-12T18:38:14.045Z" }
wheels = [
    { url = "https://files.pythonhosted.org/packages/be/02/bce7a1d70e9d0f6ea8623c16386138c251b5855af6cd3a11433d3fba4e66/semver-3.1.0-py3-none-any.whl", hash = "sha256:6e4998f8b4762acdfea85f9bfd5b4032e0bb50038dc04bf82011b42d5d1145c5", size = 18783, upload-time = "2026-09-12T18:38:12.457Z" },
]

[[package]]
name = "sentry-sdk"
version = "2.69.1"
source = { registry = "https://pypi.org/simple" }
dependencies = [
    { name = "certifi" },
    { name = "urllib3" },
]
sdist = { url = "https://files.pythonhosted.org/packages/10/16/85874f5e51f8d0767ee8c4b4c460c5ea2bc8a1b613d641d9d9577ba39d3a/sentry_sdk-2.69.1.tar.gz", hash = "sha256:f9284b417540b0784b994fa021eb6f1e30ae1cce593d83541274d03c93966eff", size = 1043599, upload-time = "2026-09-08T14:18:19.505Z" }
wheels = [
    { url = "https://files.pythonhosted.org/packages/43/eb/17040f8a60c300fe4cc349088d3e351b88812f478b57a0af05a49af7cb7c/sentry_sdk-2.69.1-py3-none-any.whl", hash = "sha256:2d2556d9a14db548982b914cbed2a2dc07b6e55d941a620752f89a2afccfd78d", size = 528587, upload-time = "2026-09-08T14:18:18.151Z" },
]

[[package]]
name = "six"
version = "1.17.0"
source = { registry = "https://pypi.org/simple" }
sdist = { url = "https://files.pythonhosted.org/packages/94/e7/b2c673351809dca68a0e064b6af791aa332cf192da575fd474ed7d6f16a2/six-1.17.0.tar.gz", hash = "sha256:ff70335d468e7eb6ec65b95b99d3a2836546063f63acc5171de367e834932a81", size = 34031, upload-time = "2024-12-04T17:35:28.174Z" }
wheels = [
    { url = "https://files.pythonhosted.org/packages/b7/ce/149a00dd41f10bc29e5921b496af8b574d8413afcd5e30dfa0ed46c2cc5e/six-1.17.0-py2.py3-none-any.whl", hash = "sha256:4721f391ed90541fddacab5acf947aa0d3dc7d27b2e1e8eda2be8970586c3274", size = 11050, upload-time = "2024-12-04T17:35:26.475Z" },
]

[[package]]
name = "sqlite-fts4"
version = "1.0.3"
source = { registry = "https://pypi.org/simple" }
sdist = { url = "https://files.pythonhosted.org/packages/c2/6d/9dad6c3b433ab8912ace969c66abd595f8e0a2ccccdb73602b1291dbda29/sqlite-fts4-1.0.3.tar.gz", hash = "sha256:78b05eeaf6680e9dbed8986bde011e9c086a06cb0c931b3cf7da94c214e8930c", size = 9718, upload-time = "2022-07-30T01:14:26.943Z" }
wheels = [
    { url = "https://files.pythonhosted.org/packages/51/29/0096e8b1811aaa78cfb296996f621f41120c21c2f5cd448ae1d54979d9fc/sqlite_fts4-1.0.3-py3-none-any.whl", hash = "sha256:0359edd8dea6fd73c848989e1e2b1f31a50fe5f9d7272299ff0e8dbaa62d035f", size = 9972, upload-time = "2022-07-30T01:14:24.942Z" },
]

[[package]]
name = "sqlite-utils"
version = "4.2.1"
source = { registry = "https://pypi.org/simple" }
dependencies = [
    { name = "click" },
    { name = "click-default-group" },
    { name = "pip" },
    { name = "pluggy" },
    { name = "python-dateutil" },
    { name = "sqlite-fts4" },
    { name = "tabulate" },
]
sdist = { url = "https://files.pythonhosted.org/packages/7e/6b/4a7b3d20c92e6c7acedc96ef620df8e1ea8f94a26a41ab788c1c08055815/sqlite_utils-4.2.1.tar.gz", hash = "sha256:76114b6a5414714e6c70e5fa5c4781b301b590f6951b5da39c8cc60c21382ba1", size = 311722, upload-time = "2026-08-13T23:59:17.848Z" }
wheels = [
    { url = "https://files.pythonhosted.org/packages/eb/d0/a20b9ea8686ea14f171582f3ce9f9b40b8fbb858fea744896191c09f2c2f/sqlite_utils-4.2.1-py3-none-any.whl", hash = "sha256:7fbaee670713b25eceba05779b844f0895efaf680d9a226fa5ba7dfe165721c5", size = 99482, upload-time = "2026-08-13T23:59:16.796Z" },
]

[[package]]
name = "sqlparse"
version = "0.6.0"
source = { registry = "https://pypi.org/simple" }
sdist = { url = "https://files.pythonhosted.org/packages/5f/d3/3f06a1006f2261d1342aefb3c71eed02f5d4ca5bdbecd86ebc12ad38306e/sqlparse-0.6.0.tar.gz", hash = "sha256:113c35c75365ab9cc9c7231d68c6428fb11c085fc8e9eb1ad659b7ddbf6cd2b9", size = 178477, upload-time = "2026-08-13T19:16:06.396Z" }
wheels = [
    { url = "https://files.pythonhosted.org/packages/d9/50/f00935da0ec7cbf325f8dc4f772ae46fbc7b672dd62876e73f0a94adda57/sqlparse-0.6.0-py3-none-any.whl", hash = "sha256:b861c0288ce2fa56209a9a6412d2e066ac664b3873b89c26c9d8415e8e32996f", size = 50070, upload-time = "2026-08-13T19:16:04.062Z" },
]

[[package]]
name = "tabulate"
version = "0.10.0"
source = { registry = "https://pypi.org/simple" }
sdist = { url = "https://files.pythonhosted.org/packages/46/58/8c37dea7bbf769b20d58e7ace7e5edfe65b849442b00ffcdd56be88697c6/tabulate-0.10.0.tar.gz", hash = "sha256:e2cfde8f79420f6deeffdeda9aaec3b6bc5abce947655d17ac662b126e48a60d", size = 91754, upload-time = "2026-03-04T18:55:34.402Z" }
wheels = [
    { url = "https://files.pythonhosted.org/packages/99/55/db07de81b5c630da5cbf5c7df646580ca26dfaefa593667fc6f2fe016d2e/tabulate-0.10.0-py3-none-any.whl", hash = "sha256:f0b0622e567335c8fabaaa659f1b33bcb6ddfe2e496071b743aa113f8774f2d3", size = 39814, upload-time = "2026-03-04T18:55:31.284Z" },
]

[[package]]
name = "tailwind"
version = "3.1.5b0"
source = { registry = "https://pypi.org/simple" }
wheels = [
    { url = "https://files.pythonhosted.org/packages/b1/c6/a265bf8cea8d8c17e4e721abe3d99cece6b515f0c8d8320b1af2ead8d347/tailwind-3.1.5b0-py3-none-macosx_10_9_x86_64.whl", hash = "sha256:6baf950e4487794df56db3c2f749d2d35c91e9ac54cacd82220d91a199b19c40", size = 19496122, upload-time = "2022-07-09T16:00:05.894Z" },
    { url = "https://files.pythonhosted.org/packages/d8/73/b27d2bfddb40f24df0e4db6aa81eeeb480b0b41d034129b50d62d1fe527f/tailwind-3.1.5b0-py3-none-macosx_11_0_arm64.whl", hash = "sha256:0934b76c6afb45e0601a4acc4ef7d57701249978c53d6ccff4ea0c85263369cf", size = 17805712, upload-time = "2022-07-09T16:00:09.928Z" },
    { url = "https://files.pythonhosted.org/packages/39/55/0891c7e8374fac43b59431b2635987b7742ed24f20d7eadf879b44d058f6/tailwind-3.1.5b0-py3-none-manylinux_2_17_aarch64.manylinux2014_aarch64.manylinux_2_24_aarch64.whl", hash = "sha256:97974629edd0ce595794fdb40d3318c259e7992d67461949cb5687d1ab9faf48", size = 16196897, upload-time = "2022-07-09T16:00:13.536Z" },
    { url = "https://files.pythonhosted.org/packages/46/15/e17a4b708d615ce6e6c36783a698f5e75c92edb73c75453a1dadc81ecddb/tailwind-3.1.5b0-py3-none-manylinux_2_5_x86_64.manylinux1_x86_64.manylinux_2_12_x86_64.manylinux2010_x86_64.whl", hash = "sha256:f61e4a1dd2d43076af818fa8281f2624a34c3d4d8aed2045538f03cfdfde438a", size = 17622295, upload-time = "2022-07-09T16:00:16.887Z" },
    { url = "https://files.pythonhosted.org/packages/58/da/70fa56d15df78bd07905c9e48dad7c27aba9c07a177e1c92a39d1fd53361/tailwind-3.1.5b0-py3-none-win_amd64.whl", hash = "sha256:96fcb172730926c48c5a6e35d614259b00e35c89805932e0b671239504d13acb", size = 15922905, upload-time = "2022-07-09T16:00:20.381Z" },
]

[[package]]
name = "tzdata"
version = "2026.4"
source = { registry = "https://pypi.org/simple" }
sdist = { url = "https://files.pythonhosted.org/packages/e4/31/3d74fa778a63b98b7374323befcc0be5ab3bd94afd4096a0124e7379152c/tzdata-2026.4.tar.gz", hash = "sha256:f1b8bd365d8d210c55353f4d7f8d6d8561c0ba50d704b700d195a9424bba0d79", size = 199350, upload-time = "2026-09-12T12:56:03.251Z" }
wheels = [
    { url = "https://files.pythonhosted.org/packages/f9/bc/8737e8d54cf51106118039b83f485a4783112fab49ea9d044b234978a46e/tzdata-2026.4-py2.py3-none-any.whl", hash = "sha256:c2169a8b0a7a5e9674da5a135ccdfb2b3e671b333ed9fed17b41f73c34476e81", size = 347494, upload-time = "2026-09-12T12:56:01.67Z" },
]

[[package]]
name = "urllib3"
version = "2.7.0"
source = { registry = "https://pypi.org/simple" }
sdist = { url = "https://files.pythonhosted.org/packages/53/0c/06f8b233b8fd13b9e5ee11424ef85419ba0d8ba0b3138bf360be2ff56953/urllib3-2.7.0.tar.gz", hash = "sha256:231e0ec3b63ceb14667c67be60f2f2c40a518cb38b03af60abc813da26505f4c", size = 433602, upload-time = "2026-05-07T16:13:18.596Z" }
wheels = [
    { url = "https://files.pythonhosted.org/packages/7f/3e/5db95bcf282c52709639744ca2a8b149baccf648e39c8cc87553df9eae0c/urllib3-2.7.0-py3-none-any.whl", hash = "sha256:9fb4c81ebbb1ce9531cce37674bbc6f1360472bc18ca9a553ede278ef7276897", size = 131087, upload-time = "2026-05-07T16:13:17.151Z" },
]

[[package]]
name = "whitenoise"
version = "6.12.0"
source = { registry = "https://pypi.org/simple" }
sdist = { url = "https://files.pythonhosted.org/packages/cb/2a/55b3f3a4ec326cd077c1c3defeee656b9298372a69229134d930151acd01/whitenoise-6.12.0.tar.gz", hash = "sha256:f723ebb76a112e98816ff80fcea0a6c9b8ecde835f8ddda25df7a30a3c2db6ad", size = 26841, upload-time = "2026-02-27T00:05:42.028Z" }
wheels = [
    { url = "https://files.pythonhosted.org/packages/db/eb/d5583a11486211f3ebd4b385545ae787f32363d453c19fffd81106c9c138/whitenoise-6.12.0-py3-none-any.whl", hash = "sha256:fc5e8c572e33ebf24795b47b6a7da8da3c00cff2349f5b04c02f28d0cc5a3cc2", size = 20302, upload-time = "2026-02-27T00:05:40.086Z" },
]
